
Microsoft Visual Studio Solution File, Format Version 12.00
# Visual Studio Version 17
VisualStudioVersion = 17.0.31903.59
MinimumVisualStudioVersion = 10.0.40219.1
Project("{2150E333-8FDC-42A3-9474-1A3956D46DE8}") = "src", "src", "{04B941E3-4A44-449C-9195-56A3E1C36E98}"
EndProject
Project("{FAE04EC0-301F-11D3-BF4B-00C04F79EFBC}") = "Dam.Api", "src\Dam.Api\Dam.Api.csproj", "{5DCC9E37-885B-4B5B-A1A5-719B893C8F4C}"
EndProject
Project("{FAE04EC0-301F-11D3-BF4B-00C04F79EFBC}") = "Dam.Application", "src\Dam.Application\Dam.Application.csproj", "{CD673D79-88C7-459E-B8AF-371A64695BEE}"
EndProject
Project("{FAE04EC0-301F-11D3-BF4B-00C04F79EFBC}") = "Dam.Delivery", "src\Dam.Delivery\Dam.Delivery.csproj", "{33F86B5B-B365-47DF-B2BB-A050E43AAA6D}"
EndProject
Project("{FAE04EC0-301F-11D3-BF4B-00C04F79EFBC}") = "Dam.Domain", "src\Dam.Domain\Dam.Domain.csproj", "{0B8FDE12-D3EE-4A95-B70C-E9D09AEA4907}"
EndProject
Project("{FAE04EC0-301F-11D3-BF4B-00C04F79EFBC}") = "Dam.Infrastructure", "src\Dam.Infrastructure\Dam.Infrastructure.csproj", "{D4E4621D-0B32-428C-B697-FE6498F4E98C}"
EndProject
Project("{FAE04EC0-301F-11D3-BF4B-00C04F79EFBC}") = "Dam.Scheduler", "src\Dam.Scheduler\Dam.Scheduler.csproj", "{257BAEBE-6344-40C4-B144-8AE21C31683C}"
EndProject
Project("{FAE04EC0-301F-11D3-BF4B-00C04F79EFBC}") = "Dam.Sdk.DotNet", "src\Dam.Sdk.DotNet\Dam.Sdk.DotNet.csproj", "{1ABB36A9-90D0-4209-AF6B-9510FD38A499}"
EndProject
Project("{FAE04EC0-301F-11D3-BF4B-00C04F79EFBC}") = "Dam.Shared", "src\Dam.Shared\Dam.Shared.csproj", "{FB1C84E5-6A52-42C3-9FF7-B2C0BEB0C6BE}"
EndProject
Project("{FAE04EC0-301F-11D3-BF4B-00C04F79EFBC}") = "Dam.Worker", "src\Dam.Worker\Dam.Worker.csproj", "{0A66F208-4D07-4A96-BEE9-6257D6CDBABB}"
EndProject
Project("{2150E333-8FDC-42A3-9474-1A3956D46DE8}") = "tests", "tests", "{4D4C0CFF-A94C-4DC0-8803-EB0E2340311B}"
EndProject
Project("{FAE04EC0-301F-11D3-BF4B-00C04F79EFBC}") = "Dam.IntegrationTests", "tests\Dam.IntegrationTests\Dam.IntegrationTests.csproj", "{F3E2D5CC-9E39-4A21-8B25-322BD19C7912}"
EndProject
Project("{FAE04EC0-301F-11D3-BF4B-00C04F79EFBC}") = "Dam.UnitTests", "tests\Dam.UnitTests\Dam.UnitTests.csproj", "{BC4FFF6A-7862-43C9-A21D-C9FE9C397EA6}"
EndProject
Global
	GlobalSection(SolutionConfigurationPlatforms) = preSolution
		Debug|Any CPU = Debug|Any CPU
		Release|Any CPU = Release|Any CPU
	EndGlobalSection
	GlobalSection(SolutionProperties) = preSolution
		HideSolutionNode = FALSE
	EndGlobalSection
	GlobalSection(ProjectConfigurationPlatforms) = postSolution
		{5DCC9E37-885B-4B5B-A1A5-719B893C8F4C}.Debug|Any CPU.ActiveCfg = Debug|Any CPU
		{5DCC9E37-885B-4B5B-A1A5-719B893C8F4C}.Debug|Any CPU.Build.0 = Debug|Any CPU
		{5DCC9E37-885B-4B5B-A1A5-719B893C8F4C}.Release|Any CPU.ActiveCfg = Release|Any CPU
		{5DCC9E37-885B-4B5B-A1A5-719B893C8F4C}.Release|Any CPU.Build.0 = Release|Any CPU
		{CD673D79-88C7-459E-B8AF-371A64695BEE}.Debug|Any CPU.ActiveCfg = Debug|Any CPU
		{CD673D79-88C7-459E-B8AF-371A64695BEE}.Debug|Any CPU.Build.0 = Debug|Any CPU
		{CD673D79-88C7-459E-B8AF-371A64695BEE}.Release|Any CPU.ActiveCfg = Release|Any CPU
		{CD673D79-88C7-459E-B8AF-371A64695BEE}.Release|Any CPU.Build.0 = Release|Any CPU
		{33F86B5B-B365-47DF-B2BB-A050E43AAA6D}.Debug|Any CPU.ActiveCfg = Debug|Any CPU
		{33F86B5B-B365-47DF-B2BB-A050E43AAA6D}.Debug|Any CPU.Build.0 = Debug|Any CPU
		{33F86B5B-B365-47DF-B2BB-A050E43AAA6D}.Release|Any CPU.ActiveCfg = Release|Any CPU
		{33F86B5B-B365-47DF-B2BB-A050E43AAA6D}.Release|Any CPU.Build.0 = Release|Any CPU
		{0B8FDE12-D3EE-4A95-B70C-E9D09AEA4907}.Debug|Any CPU.ActiveCfg = Debug|Any CPU
		{0B8FDE12-D3EE-4A95-B70C-E9D09AEA4907}.Debug|Any CPU.Build.0 = Debug|Any CPU
		{0B8FDE12-D3EE-4A95-B70C-E9D09AEA4907}.Release|Any CPU.ActiveCfg = Release|Any CPU
		{0B8FDE12-D3EE-4A95-B70C-E9D09AEA4907}.Release|Any CPU.Build.0 = Release|Any CPU
		{D4E4621D-0B32-428C-B697-FE6498F4E98C}.Debug|Any CPU.ActiveCfg = Debug|Any CPU
		{D4E4621D-0B32-428C-B697-FE6498F4E98C}.Debug|Any CPU.Build.0 = Debug|Any CPU
		{D4E4621D-0B32-428C-B697-FE6498F4E98C}.Release|Any CPU.ActiveCfg = Release|Any CPU
		{D4E4621D-0B32-428C-B697-FE6498F4E98C}.Release|Any CPU.Build.0 = Release|Any CPU
		{257BAEBE-6344-40C4-B144-8AE21C31683C}.Debug|Any CPU.ActiveCfg = Debug|Any CPU
		{257BAEBE-6344-40C4-B144-8AE21C31683C}.Debug|Any CPU.Build.0 = Debug|Any CPU
		{257BAEBE-6344-40C4-B144-8AE21C31683C}.Release|Any CPU.ActiveCfg = Release|Any CPU
		{257BAEBE-6344-40C4-B144-8AE21C31683C}.Release|Any CPU.Build.0 = Release|Any CPU
		{1ABB36A9-90D0-4209-AF6B-9510FD38A499}.Debug|Any CPU.ActiveCfg = Debug|Any CPU
		{1ABB36A9-90D0-4209-AF6B-9510FD38A499}.Debug|Any CPU.Build.0 = Debug|Any CPU
		{1ABB36A9-90D0-4209-AF6B-9510FD38A499}.Release|Any CPU.ActiveCfg = Release|Any CPU
		{1ABB36A9-90D0-4209-AF6B-9510FD38A499}.Release|Any CPU.Build.0 = Release|Any CPU
		{FB1C84E5-6A52-42C3-9FF7-B2C0BEB0C6BE}.Debug|Any CPU.ActiveCfg = Debug|Any CPU
		{FB1C84E5-6A52-42C3-9FF7-B2C0BEB0C6BE}.Debug|Any CPU.Build.0 = Debug|Any CPU
		{FB1C84E5-6A52-42C3-9FF7-B2C0BEB0C6BE}.Release|Any CPU.ActiveCfg = Release|Any CPU
		{FB1C84E5-6A52-42C3-9FF7-B2C0BEB0C6BE}.Release|Any CPU.Build.0 = Release|Any CPU
		{0A66F208-4D07-4A96-BEE9-6257D6CDBABB}.Debug|Any CPU.ActiveCfg = Debug|Any CPU
		{0A66F208-4D07-4A96-BEE9-6257D6CDBABB}.Debug|Any CPU.Build.0 = Debug|Any CPU
		{0A66F208-4D07-4A96-BEE9-6257D6CDBABB}.Release|Any CPU.ActiveCfg = Release|Any CPU
		{0A66F208-4D07-4A96-BEE9-6257D6CDBABB}.Release|Any CPU.Build.0 = Release|Any CPU
		{F3E2D5CC-9E39-4A21-8B25-322BD19C7912}.Debug|Any CPU.ActiveCfg = Debug|Any CPU
		{F3E2D5CC-9E39-4A21-8B25-322BD19C7912}.Debug|Any CPU.Build.0 = Debug|Any CPU
		{F3E2D5CC-9E39-4A21-8B25-322BD19C7912}.Release|Any CPU.ActiveCfg = Release|Any CPU
		{F3E2D5CC-9E39-4A21-8B25-322BD19C7912}.Release|Any CPU.Build.0 = Release|Any CPU
		{BC4FFF6A-7862-43C9-A21D-C9FE9C397EA6}.Debug|Any CPU.ActiveCfg = Debug|Any CPU
		{BC4FFF6A-7862-43C9-A21D-C9FE9C397EA6}.Debug|Any CPU.Build.0 = Debug|Any CPU
		{BC4FFF6A-7862-43C9-A21D-C9FE9C397EA6}.Release|Any CPU.ActiveCfg = Release|Any CPU
		{BC4FFF6A-7862-43C9-A21D-C9FE9C397EA6}.Release|Any CPU.Build.0 = Release|Any CPU
	EndGlobalSection
	GlobalSection(NestedProjects) = preSolution
		{5DCC9E37-885B-4B5B-A1A5-719B893C8F4C} = {04B941E3-4A44-449C-9195-56A3E1C36E98}
		{CD673D79-88C7-459E-B8AF-371A64695BEE} = {04B941E3-4A44-449C-9195-56A3E1C36E98}
		{33F86B5B-B365-47DF-B2BB-A050E43AAA6D} = {04B941E3-4A44-449C-9195-56A3E1C36E98}
		{0B8FDE12-D3EE-4A95-B70C-E9D09AEA4907} = {04B941E3-4A44-449C-9195-56A3E1C36E98}
		{D4E4621D-0B32-428C-B697-FE6498F4E98C} = {04B941E3-4A44-449C-9195-56A3E1C36E98}
		{257BAEBE-6344-40C4-B144-8AE21C31683C} = {04B941E3-4A44-449C-9195-56A3E1C36E98}
		{1ABB36A9-90D0-4209-AF6B-9510FD38A499} = {04B941E3-4A44-449C-9195-56A3E1C36E98}
		{FB1C84E5-6A52-42C3-9FF7-B2C0BEB0C6BE} = {04B941E3-4A44-449C-9195-56A3E1C36E98}
		{0A66F208-4D07-4A96-BEE9-6257D6CDBABB} = {04B941E3-4A44-449C-9195-56A3E1C36E98}
		{F3E2D5CC-9E39-4A21-8B25-322BD19C7912} = {4D4C0CFF-A94C-4DC0-8803-EB0E2340311B}
		{BC4FFF6A-7862-43C9-A21D-C9FE9C397EA6} = {4D4C0CFF-A94C-4DC0-8803-EB0E2340311B}
	EndGlobalSection
EndGlobal
